{
  "name": "payment-module-fixture",
  "version": "1.0.0",
  "lockfileVersion": 2,
  "requires": true,
  "packages": {
    "": {
      "name": "payment-module-fixture",
      "version": "1.0.0",
      "dependencies": {
        "demo-payment-sdk": "0.9.0"
      }
    },
    "node_modules/demo-payment-sdk": {
      "version": "0.9.0",
      "dependencies": {
        "minimist": "1.2.5"
      }
    },
    "node_modules/minimist": {
      "version": "1.2.5"
    }
  },
  "dependencies": {
    "demo-payment-sdk": {
      "version": "0.9.0",
      "requires": {
        "minimist": "1.2.5"
      },
      "dependencies": {
        "minimist": {
          "version": "1.2.5"
        }
      }
    }
  }
}
